// !$*UTF8*$!
{
	archiveVersion = 1;
	classes = {
	};
	objectVersion = 56;
	objects = {

/* Begin PBXBuildFile section */
		02668B3C2B297ACE0006CF28 /* SwiftUIView.swift in Sources */ = {isa = PBXBuildFile; fileRef = 02668B3B2B297ACE0006CF28 /* SwiftUIView.swift */; };
		02668B3E2B29963A0006CF28 /* Blur.swift in Sources */ = {isa = PBXBuildFile; fileRef = 02668B3D2B29963A0006CF28 /* Blur.swift */; };
		02668B402B2998290006CF28 /* View+Extension.swift in Sources */ = {isa = PBXBuildFile; fileRef = 02668B3F2B2998290006CF28 /* View+Extension.swift */; };
		0285FEAB2B09A5F5002F9B44 /* TabBar.swift in Sources */ = {isa = PBXBuildFile; fileRef = 0285FEAA2B09A5F5002F9B44 /* TabBar.swift */; };
		028753EE2B29C12700F97FC2 /* HomeViewModel.swift in Sources */ = {isa = PBXBuildFile; fileRef = 028753ED2B29C12700F97FC2 /* HomeViewModel.swift */; };
		02A6EBB12B09AD70009C8E83 /* Arc.swift in Sources */ = {isa = PBXBuildFile; fileRef = 02A6EBB02B09AD70009C8E83 /* Arc.swift */; };
		02ABFFA72B08F95A0073F47C /* WeatherApp.swift in Sources */ = {isa = PBXBuildFile; fileRef = 02ABFFA62B08F95A0073F47C /* WeatherApp.swift */; };
		02ABFFA92B08F95A0073F47C /* ContentView.swift in Sources */ = {isa = PBXBuildFile; fileRef = 02ABFFA82B08F95A0073F47C /* ContentView.swift */; };
		02ABFFAB2B08F95C0073F47C /* Assets.xcassets in Resources */ = {isa = PBXBuildFile; fileRef = 02ABFFAA2B08F95C0073F47C /* Assets.xcassets */; };
		02ABFFAE2B08F95C0073F47C /* Preview Assets.xcassets in Resources */ = {isa = PBXBuildFile; fileRef = 02ABFFAD2B08F95C0073F47C /* Preview Assets.xcassets */; };
		02ABFFB72B08FC290073F47C /* Cover.png in Resources */ = {isa = PBXBuildFile; fileRef = 02ABFFB62B08FC290073F47C /* Cover.png */; };
		02ABFFB92B090E050073F47C /* HomeView.swift in Sources */ = {isa = PBXBuildFile; fileRef = 02ABFFB82B090E050073F47C /* HomeView.swift */; };
		02ABFFBB2B090EC90073F47C /* Color+Extension.swift in Sources */ = {isa = PBXBuildFile; fileRef = 02ABFFBA2B090EC90073F47C /* Color+Extension.swift */; };
		02CA97E82B285134008A3106 /* ForecastView.swift in Sources */ = {isa = PBXBuildFile; fileRef = 02CA97E72B285134008A3106 /* ForecastView.swift */; };
/* End PBXBuildFile section */

/* Begin PBXFileReference section */
		02668B3B2B297ACE0006CF28 /* SwiftUIView.swift */ = {isa = PBXFileReference; lastKnownFileType = sourcecode.swift; path = SwiftUIView.swift; sourceTree = "<group>"; };
		02668B3D2B29963A0006CF28 /* Blur.swift */ = {isa = PBXFileReference; lastKnownFileType = sourcecode.swift; path = Blur.swift; sourceTree = "<group>"; };
		02668B3F2B2998290006CF28 /* View+Extension.swift */ = {isa = PBXFileReference; lastKnownFileType = sourcecode.swift; path = "View+Extension.swift"; sourceTree = "<group>"; };
		0285FEAA2B09A5F5002F9B44 /* TabBar.swift */ = {isa = PBXFileReference; lastKnownFileType = sourcecode.swift; path = TabBar.swift; sourceTree = "<group>"; };
		028753ED2B29C12700F97FC2 /* HomeViewModel.swift */ = {isa = PBXFileReference; lastKnownFileType = sourcecode.swift; path = HomeViewModel.swift; sourceTree = "<group>"; };
		02A6EBB02B09AD70009C8E83 /* Arc.swift */ = {isa = PBXFileReference; lastKnownFileType = sourcecode.swift; path = Arc.swift; sourceTree = "<group>"; };
		02ABFFA32B08F95A0073F47C /* Weather.app */ = {isa = PBXFileReference; explicitFileType = wrapper.application; includeInIndex = 0; path = Weather.app; sourceTree = BUILT_PRODUCTS_DIR; };
		02ABFFA62B08F95A0073F47C /* WeatherApp.swift */ = {isa = PBXFileReference; lastKnownFileType = sourcecode.swift; path = WeatherApp.swift; sourceTree = "<group>"; };
		02ABFFA82B08F95A0073F47C /* ContentView.swift */ = {isa = PBXFileReference; lastKnownFileType = sourcecode.swift; path = ContentView.swift; sourceTree = "<group>"; };
		02ABFFAA2B08F95C0073F47C /* Assets.xcassets */ = {isa = PBXFileReference; lastKnownFileType = folder.assetcatalog; path = Assets.xcassets; sourceTree = "<group>"; };
		02ABFFAD2B08F95C0073F47C /* Preview Assets.xcassets */ = {isa = PBXFileReference; lastKnownFileType = folder.assetcatalog; path = "Preview Assets.xcassets"; sourceTree = "<group>"; };
		02ABFFB42B08F9D30073F47C /* README.md */ = {isa = PBXFileReference; lastKnownFileType = net.daringfireball.markdown; path = README.md; sourceTree = "<group>"; };
		02ABFFB62B08FC290073F47C /* Cover.png */ = {isa = PBXFileReference; lastKnownFileType = image.png; path = Cover.png; sourceTree = "<group>"; };
		02ABFFB82B090E050073F47C /* HomeView.swift */ = {isa = PBXFileReference; lastKnownFileType = sourcecode.swift; path = HomeView.swift; sourceTree = "<group>"; };
		02ABFFBA2B090EC90073F47C /* Color+Extension.swift */ = {isa = PBXFileReference; lastKnownFileType = sourcecode.swift; path = "Color+Extension.swift"; sourceTree = "<group>"; };
		02CA97E72B285134008A3106 /* ForecastView.swift */ = {isa = PBXFileReference; lastKnownFileType = sourcecode.swift; path = ForecastView.swift; sourceTree = "<group>"; };
/* End PBXFileReference section */

/* Begin PBXFrameworksBuildPhase section */
		02ABFFA02B08F95A0073F47C /* Frameworks */ = {
			isa = PBXFrameworksBuildPhase;
			buildActionMask = 2147483647;
			files = (
			);
			runOnlyForDeploymentPostprocessing = 0;
		};
/* End PBXFrameworksBuildPhase section */

/* Begin PBXGroup section */
		028753EC2B29C11A00F97FC2 /* Home */ = {
			isa = PBXGroup;
			children = (
				02ABFFB82B090E050073F47C /* HomeView.swift */,
				028753ED2B29C12700F97FC2 /* HomeViewModel.swift */,
			);
			path = Home;
			sourceTree = "<group>";
		};
		02ABFF9A2B08F95A0073F47C = {
			isa = PBXGroup;
			children = (
				02ABFFB52B08FC1C0073F47C /* img */,
				02ABFFB42B08F9D30073F47C /* README.md */,
				02ABFFA52B08F95A0073F47C /* Weather */,
				02ABFFA42B08F95A0073F47C /* Products */,
			);
			sourceTree = "<group>";
		};
		02ABFFA42B08F95A0073F47C /* Products */ = {
			isa = PBXGroup;
			children = (
				02ABFFA32B08F95A0073F47C /* Weather.app */,
			);
			name = Products;
			sourceTree = "<group>";
		};
		02ABFFA52B08F95A0073F47C /* Weather */ = {
			isa = PBXGroup;
			children = (
				02ABFFA62B08F95A0073F47C /* WeatherApp.swift */,
				02ABFFA82B08F95A0073F47C /* ContentView.swift */,
				028753EC2B29C11A00F97FC2 /* Home */,
				02668B3B2B297ACE0006CF28 /* SwiftUIView.swift */,
				02CA97E72B285134008A3106 /* ForecastView.swift */,
				0285FEAA2B09A5F5002F9B44 /* TabBar.swift */,
				02A6EBB02B09AD70009C8E83 /* Arc.swift */,
				02ABFFBA2B090EC90073F47C /* Color+Extension.swift */,
				02668B3F2B2998290006CF28 /* View+Extension.swift */,
				02668B3D2B29963A0006CF28 /* Blur.swift */,
				02ABFFAA2B08F95C0073F47C /* Assets.xcassets */,
				02ABFFAC2B08F95C0073F47C /* Preview Content */,
			);
			path = Weather;
			sourceTree = "<group>";
		};
		02ABFFAC2B08F95C0073F47C /* Preview Content */ = {
			isa = PBXGroup;
			children = (
				02ABFFAD2B08F95C0073F47C /* Preview Assets.xcassets */,
			);
			path = "Preview Content";
			sourceTree = "<group>";
		};
		02ABFFB52B08FC1C0073F47C /* img */ = {
			isa = PBXGroup;
			children = (
				02ABFFB62B08FC290073F47C /* Cover.png */,
			);
			path = img;
			sourceTree = "<group>";
		};
/* End PBXGroup section */

/* Begin PBXNativeTarget section */
		02ABFFA22B08F95A0073F47C /* Weather */ = {
			isa = PBXNativeTarget;
			buildConfigurationList = 02ABFFB12B08F95C0073F47C /* Build configuration list for PBXNativeTarget "Weather" */;
			buildPhases = (
				02ABFF9F2B08F95A0073F47C /* Sources */,
				02ABFFA02B08F95A0073F47C /* Frameworks */,
				02ABFFA12B08F95A0073F47C /* Resources */,
			);
			buildRules = (
			);
			dependencies = (
			);
			name = Weather;
			packageProductDependencies = (
			);
			productName = Weather;
			productReference = 02ABFFA32B08F95A0073F47C /* Weather.app */;
			productType = "com.apple.product-type.application";
		};
/* End PBXNativeTarget section */

/* Begin PBXProject section */
		02ABFF9B2B08F95A0073F47C /* Project object */ = {
			isa = PBXProject;
			attributes = {
				BuildIndependentTargetsInParallel = 1;
				LastSwiftUpdateCheck = 1500;
				LastUpgradeCheck = 1500;
				TargetAttributes = {
					02ABFFA22B08F95A0073F47C = {
						CreatedOnToolsVersion = 15.0.1;
					};
				};
			};
			buildConfigurationList = 02ABFF9E2B08F95A0073F47C /* Build configuration list for PBXProject "Weather" */;
			compatibilityVersion = "Xcode 14.0";
			developmentRegion = en;
			hasScannedForEncodings = 0;
			knownRegions = (
				en,
				Base,
			);
			mainGroup = 02ABFF9A2B08F95A0073F47C;
			packageReferences = (
			);
			productRefGroup = 02ABFFA42B08F95A0073F47C /* Products */;
			projectDirPath = "";
			projectRoot = "";
			targets = (
				02ABFFA22B08F95A0073F47C /* Weather */,
			);
		};
/* End PBXProject section */

/* Begin PBXResourcesBuildPhase section */
		02ABFFA12B08F95A0073F47C /* Resources */ = {
			isa = PBXResourcesBuildPhase;
			buildActionMask = 2147483647;
			files = (
				02ABFFAE2B08F95C0073F47C /* Preview Assets.xcassets in Resources */,
				02ABFFB72B08FC290073F47C /* Cover.png in Resources */,
				02ABFFAB2B08F95C0073F47C /* Assets.xcassets in Resources */,
			);
			runOnlyForDeploymentPostprocessing = 0;
		};
/* End PBXResourcesBuildPhase section */

/* Begin PBXSourcesBuildPhase section */
		02ABFF9F2B08F95A0073F47C /* Sources */ = {
			isa = PBXSourcesBuildPhase;
			buildActionMask = 2147483647;
			files = (
				02ABFFB92B090E050073F47C /* HomeView.swift in Sources */,
				028753EE2B29C12700F97FC2 /* HomeViewModel.swift in Sources */,
				02ABFFA92B08F95A0073F47C /* ContentView.swift in Sources */,
				02668B402B2998290006CF28 /* View+Extension.swift in Sources */,
				02668B3C2B297ACE0006CF28 /* SwiftUIView.swift in Sources */,
				02A6EBB12B09AD70009C8E83 /* Arc.swift in Sources */,
				02ABFFA72B08F95A0073F47C /* WeatherApp.swift in Sources */,
				02CA97E82B285134008A3106 /* ForecastView.swift in Sources */,
				02668B3E2B29963A0006CF28 /* Blur.swift in Sources */,
				02ABFFBB2B090EC90073F47C /* Color+Extension.swift in Sources */,
				0285FEAB2B09A5F5002F9B44 /* TabBar.swift in Sources */,
			);
			runOnlyForDeploymentPostprocessing = 0;
		};
/* End PBXSourcesBuildPhase section */

/* Begin XCBuildConfiguration section */
		02ABFFAF2B08F95C0073F47C /* Debug */ = {
			isa = XCBuildConfiguration;
			buildSettings = {
				ALWAYS_SEARCH_USER_PATHS = NO;
				ASSETCATALOG_COMPILER_GENERATE_SWIFT_ASSET_SYMBOL_EXTENSIONS = YES;
				CLANG_ANALYZER_NONNULL = YES;
				CLANG_ANALYZER_NUMBER_OBJECT_CONVERSION = YES_AGGRESSIVE;
				CLANG_CXX_LANGUAGE_STANDARD = "gnu++20";
				CLANG_ENABLE_MODULES = YES;
				CLANG_ENABLE_OBJC_ARC = YES;
				CLANG_ENABLE_OBJC_WEAK = YES;
				CLANG_WARN_BLOCK_CAPTURE_AUTORELEASING = YES;
				CLANG_WARN_BOOL_CONVERSION = YES;
				CLANG_WARN_COMMA = YES;
				CLANG_WARN_CONSTANT_CONVERSION = YES;
				CLANG_WARN_DEPRECATED_OBJC_IMPLEMENTATIONS = YES;
				CLANG_WARN_DIRECT_OBJC_ISA_USAGE = YES_ERROR;
				CLANG_WARN_DOCUMENTATION_COMMENTS = YES;
				CLANG_WARN_EMPTY_BODY = YES;
				CLANG_WARN_ENUM_CONVERSION = YES;
				CLANG_WARN_INFINITE_RECURSION = YES;
				CLANG_WARN_INT_CONVERSION = YES;
				CLANG_WARN_NON_LITERAL_NULL_CONVERSION = YES;
				CLANG_WARN_OBJC_IMPLICIT_RETAIN_SELF = YES;
				CLANG_WARN_OBJC_LITERAL_CONVERSION = YES;
				CLANG_WARN_OBJC_ROOT_CLASS = YES_ERROR;
				CLANG_WARN_QUOTED_INCLUDE_IN_FRAMEWORK_HEADER = YES;
				CLANG_WARN_RANGE_LOOP_ANALYSIS = YES;
				CLANG_WARN_STRICT_PROTOTYPES = YES;
				CLANG_WARN_SUSPICIOUS_MOVE = YES;
				CLANG_WARN_UNGUARDED_AVAILABILITY = YES_AGGRESSIVE;
				CLANG_WARN_UNREACHABLE_CODE = YES;
				CLANG_WARN__DUPLICATE_METHOD_MATCH = YES;
				COPY_PHASE_STRIP = NO;
				DEBUG_INFORMATION_FORMAT = dwarf;
				ENABLE_STRICT_OBJC_MSGSEND = YES;
				ENABLE_TESTABILITY = YES;
				ENABLE_USER_SCRIPT_SANDBOXING = YES;
				GCC_C_LANGUAGE_STANDARD = gnu17;
				GCC_DYNAMIC_NO_PIC = NO;
				GCC_NO_COMMON_BLOCKS = YES;
				GCC_OPTIMIZATION_LEVEL = 0;
				GCC_PREPROCESSOR_DEFINITIONS = (
					"DEBUG=1",
					"$(inherited)",
				);
				GCC_WARN_64_TO_32_BIT_CONVERSION = YES;
				GCC_WARN_ABOUT_RETURN_TYPE = YES_ERROR;
				GCC_WARN_UNDECLARED_SELECTOR = YES;
				GCC_WARN_UNINITIALIZED_AUTOS = YES_AGGRESSIVE;
				GCC_WARN_UNUSED_FUNCTION = YES;
				GCC_WARN_UNUSED_VARIABLE = YES;
				IPHONEOS_DEPLOYMENT_TARGET = 17.0;
				LOCALIZATION_PREFERS_STRING_CATALOGS = YES;
				MTL_ENABLE_DEBUG_INFO = INCLUDE_SOURCE;
				MTL_FAST_MATH = YES;
				ONLY_ACTIVE_ARCH = YES;
				SDKROOT = iphoneos;
				SWIFT_ACTIVE_COMPILATION_CONDITIONS = "DEBUG $(inherited)";
				SWIFT_OPTIMIZATION_LEVEL = "-Onone";
			};
			name = Debug;
		};
		02ABFFB02B08F95C0073F47C /* Release */ = {
			isa = XCBuildConfiguration;
			buildSettings = {
				ALWAYS_SEARCH_USER_PATHS = NO;
				ASSETCATALOG_COMPILER_GENERATE_SWIFT_ASSET_SYMBOL_EXTENSIONS = YES;
				CLANG_ANALYZER_NONNULL = YES;
				CLANG_ANALYZER_NUMBER_OBJECT_CONVERSION = YES_AGGRESSIVE;
				CLANG_CXX_LANGUAGE_STANDARD = "gnu++20";
				CLANG_ENABLE_MODULES = YES;
				CLANG_ENABLE_OBJC_ARC = YES;
				CLANG_ENABLE_OBJC_WEAK = YES;
				CLANG_WARN_BLOCK_CAPTURE_AUTORELEASING = YES;
				CLANG_WARN_BOOL_CONVERSION = YES;
				CLANG_WARN_COMMA = YES;
				CLANG_WARN_CONSTANT_CONVERSION = YES;
				CLANG_WARN_DEPRECATED_OBJC_IMPLEMENTATIONS = YES;
				CLANG_WARN_DIRECT_OBJC_ISA_USAGE = YES_ERROR;
				CLANG_WARN_DOCUMENTATION_COMMENTS = YES;
				CLANG_WARN_EMPTY_BODY = YES;
				CLANG_WARN_ENUM_CONVERSION = YES;
				CLANG_WARN_INFINITE_RECURSION = YES;
				CLANG_WARN_INT_CONVERSION = YES;
				CLANG_WARN_NON_LITERAL_NULL_CONVERSION = YES;
				CLANG_WARN_OBJC_IMPLICIT_RETAIN_SELF = YES;
				CLANG_WARN_OBJC_LITERAL_CONVERSION = YES;
				CLANG_WARN_OBJC_ROOT_CLASS = YES_ERROR;
				CLANG_WARN_QUOTED_INCLUDE_IN_FRAMEWORK_HEADER = YES;
				CLANG_WARN_RANGE_LOOP_ANALYSIS = YES;
				CLANG_WARN_STRICT_PROTOTYPES = YES;
				CLANG_WARN_SUSPICIOUS_MOVE = YES;
				CLANG_WARN_UNGUARDED_AVAILABILITY = YES_AGGRESSIVE;
				CLANG_WARN_UNREACHABLE_CODE = YES;
				CLANG_WARN__DUPLICATE_METHOD_MATCH = YES;
				COPY_PHASE_STRIP = NO;
				DEBUG_INFORMATION_FORMAT = "dwarf-with-dsym";
				ENABLE_NS_ASSERTIONS = NO;
				ENABLE_STRICT_OBJC_MSGSEND = YES;
				ENABLE_USER_SCRIPT_SANDBOXING = YES;
				GCC_C_LANGUAGE_STANDARD = gnu17;
				GCC_NO_COMMON_BLOCKS = YES;
				GCC_WARN_64_TO_32_BIT_CONVERSION = YES;
				GCC_WARN_ABOUT_RETURN_TYPE = YES_ERROR;
				GCC_WARN_UNDECLARED_SELECTOR = YES;
				GCC_WARN_UNINITIALIZED_AUTOS = YES_AGGRESSIVE;
				GCC_WARN_UNUSED_FUNCTION = YES;
				GCC_WARN_UNUSED_VARIABLE = YES;
				IPHONEOS_DEPLOYMENT_TARGET = 17.0;
				LOCALIZATION_PREFERS_STRING_CATALOGS = YES;
				MTL_ENABLE_DEBUG_INFO = NO;
				MTL_FAST_MATH = YES;
				SDKROOT = iphoneos;
				SWIFT_COMPILATION_MODE = wholemodule;
				VALIDATE_PRODUCT = YES;
			};
			name = Release;
		};
		02ABFFB22B08F95C0073F47C /* Debug */ = {
			isa = XCBuildConfiguration;
			buildSettings = {
				ASSETCATALOG_COMPILER_APPICON_NAME = AppIcon;
				ASSETCATALOG_COMPILER_GLOBAL_ACCENT_COLOR_NAME = AccentColor;
				CODE_SIGN_STYLE = Automatic;
				CURRENT_PROJECT_VERSION = 1;
				DEVELOPMENT_ASSET_PATHS = "\"Weather/Preview Content\"";
				DEVELOPMENT_TEAM = 723HTEFHBA;
				ENABLE_PREVIEWS = YES;
				GENERATE_INFOPLIST_FILE = YES;
				INFOPLIST_KEY_UIApplicationSceneManifest_Generation = YES;
				INFOPLIST_KEY_UIApplicationSupportsIndirectInputEvents = YES;
				INFOPLIST_KEY_UILaunchScreen_Generation = YES;
				INFOPLIST_KEY_UISupportedInterfaceOrientations_iPad = "UIInterfaceOrientationPortrait UIInterfaceOrientationPortraitUpsideDown UIInterfaceOrientationLandscapeLeft UIInterfaceOrientationLandscapeRight";
				INFOPLIST_KEY_UISupportedInterfaceOrientations_iPhone = "UIInterfaceOrientationPortrait UIInterfaceOrientationLandscapeLeft UIInterfaceOrientationLandscapeRight";
				INFOPLIST_KEY_UIUserInterfaceStyle = Dark;
				LD_RUNPATH_SEARCH_PATHS = (
					"$(inherited)",
					"@executable_path/Frameworks",
				);
				MARKETING_VERSION = 1.0;
				PRODUCT_BUNDLE_IDENTIFIER = ru.fibeapp.Weather;
				PRODUCT_NAME = "$(TARGET_NAME)";
				SWIFT_EMIT_LOC_STRINGS = YES;
				SWIFT_VERSION = 5.0;
				TARGETED_DEVICE_FAMILY = "1,2";
			};
			name = Debug;
		};
		02ABFFB32B08F95C0073F47C /* Release */ = {
			isa = XCBuildConfiguration;
			buildSettings = {
				ASSETCATALOG_COMPILER_APPICON_NAME = AppIcon;
				ASSETCATALOG_COMPILER_GLOBAL_ACCENT_COLOR_NAME = AccentColor;
				CODE_SIGN_STYLE = Automatic;
				CURRENT_PROJECT_VERSION = 1;
				DEVELOPMENT_ASSET_PATHS = "\"Weather/Preview Content\"";
				DEVELOPMENT_TEAM = 723HTEFHBA;
				ENABLE_PREVIEWS = YES;
				GENERATE_INFOPLIST_FILE = YES;
				INFOPLIST_KEY_UIApplicationSceneManifest_Generation = YES;
				INFOPLIST_KEY_UIApplicationSupportsIndirectInputEvents = YES;
				INFOPLIST_KEY_UILaunchScreen_Generation = YES;
				INFOPLIST_KEY_UISupportedInterfaceOrientations_iPad = "UIInterfaceOrientationPortrait UIInterfaceOrientationPortraitUpsideDown UIInterfaceOrientationLandscapeLeft UIInterfaceOrientationLandscapeRight";
				INFOPLIST_KEY_UISupportedInterfaceOrientations_iPhone = "UIInterfaceOrientationPortrait UIInterfaceOrientationLandscapeLeft UIInterfaceOrientationLandscapeRight";
				INFOPLIST_KEY_UIUserInterfaceStyle = Dark;
				LD_RUNPATH_SEARCH_PATHS = (
					"$(inherited)",
					"@executable_path/Frameworks",
				);
				MARKETING_VERSION = 1.0;
				PRODUCT_BUNDLE_IDENTIFIER = ru.fibeapp.Weather;
				PRODUCT_NAME = "$(TARGET_NAME)";
				SWIFT_EMIT_LOC_STRINGS = YES;
				SWIFT_VERSION = 5.0;
				TARGETED_DEVICE_FAMILY = "1,2";
			};
			name = Release;
		};
/* End XCBuildConfiguration section */

/* Begin XCConfigurationList section */
		02ABFF9E2B08F95A0073F47C /* Build configuration list for PBXProject "Weather" */ = {
			isa = XCConfigurationList;
			buildConfigurations = (
				02ABFFAF2B08F95C0073F47C /* Debug */,
				02ABFFB02B08F95C0073F47C /* Release */,
			);
			defaultConfigurationIsVisible = 0;
			defaultConfigurationName = Release;
		};
		02ABFFB12B08F95C0073F47C /* Build configuration list for PBXNativeTarget "Weather" */ = {
			isa = XCConfigurationList;
			buildConfigurations = (
				02ABFFB22B08F95C0073F47C /* Debug */,
				02ABFFB32B08F95C0073F47C /* Release */,
			);
			defaultConfigurationIsVisible = 0;
			defaultConfigurationName = Release;
		};
/* End XCConfigurationList section */
	};
	rootObject = 02ABFF9B2B08F95A0073F47C /* Project object */;
}
